
Microsoft Visual Studio Solution File, Format Version 12.00
# Visual Studio 15
VisualStudioVersion = 15.0.27703.2042
MinimumVisualStudioVersion = 10.0.40219.1
Project("{FAE04EC0-301F-11D3-BF4B-00C04F79EFBC}") = "Exercicio1", "Exercicio1\Exercicio1.csproj", "{D32A6FB5-1BE0-44F4-85B8-3540E70D6E59}"
EndProject
Project("{FAE04EC0-301F-11D3-BF4B-00C04F79EFBC}") = "Exercicio2", "Exercicio2\Exercicio2.csproj", "{0F20020D-7987-4597-BC37-A72EBA7AA2E5}"
EndProject
Project("{FAE04EC0-301F-11D3-BF4B-00C04F79EFBC}") = "Exercicio3", "Exercicio3\Exercicio3.csproj", "{C2EA4412-275F-488F-832B-A828F3C339D6}"
EndProject
Project("{FAE04EC0-301F-11D3-BF4B-00C04F79EFBC}") = "Exercicio4", "Exercicio4\Exercicio4.csproj", "{30FCFA77-4958-4373-92C1-BE4000AAE312}"
EndProject
Project("{FAE04EC0-301F-11D3-BF4B-00C04F79EFBC}") = "Exercicio5", "Exercicio5\Exercicio5.csproj", "{DC6E7C13-FE06-4EE1-9C32-8FA382778DD1}"
EndProject
Global
	GlobalSection(SolutionConfigurationPlatforms) = preSolution
		Debug|Any CPU = Debug|Any CPU
		Release|Any CPU = Release|Any CPU
	EndGlobalSection
	GlobalSection(ProjectConfigurationPlatforms) = postSolution
		{D32A6FB5-1BE0-44F4-85B8-3540E70D6E59}.Debug|Any CPU.ActiveCfg = Debug|Any CPU
		{D32A6FB5-1BE0-44F4-85B8-3540E70D6E59}.Debug|Any CPU.Build.0 = Debug|Any CPU
		{D32A6FB5-1BE0-44F4-85B8-3540E70D6E59}.Release|Any CPU.ActiveCfg = Release|Any CPU
		{D32A6FB5-1BE0-44F4-85B8-3540E70D6E59}.Release|Any CPU.Build.0 = Release|Any CPU
		{0F20020D-7987-4597-BC37-A72EBA7AA2E5}.Debug|Any CPU.ActiveCfg = Debug|Any CPU
		{0F20020D-7987-4597-BC37-A72EBA7AA2E5}.Debug|Any CPU.Build.0 = Debug|Any CPU
		{0F20020D-7987-4597-BC37-A72EBA7AA2E5}.Release|Any CPU.ActiveCfg = Release|Any CPU
		{0F20020D-7987-4597-BC37-A72EBA7AA2E5}.Release|Any CPU.Build.0 = Release|Any CPU
		{C2EA4412-275F-488F-832B-A828F3C339D6}.Debug|Any CPU.ActiveCfg = Debug|Any CPU
		{C2EA4412-275F-488F-832B-A828F3C339D6}.Debug|Any CPU.Build.0 = Debug|Any CPU
		{C2EA4412-275F-488F-832B-A828F3C339D6}.Release|Any CPU.ActiveCfg = Release|Any CPU
		{C2EA4412-275F-488F-832B-A828F3C339D6}.Release|Any CPU.Build.0 = Release|Any CPU
		{30FCFA77-4958-4373-92C1-BE4000AAE312}.Debug|Any CPU.ActiveCfg = Debug|Any CPU
		{30FCFA77-4958-4373-92C1-BE4000AAE312}.Debug|Any CPU.Build.0 = Debug|Any CPU
		{30FCFA77-4958-4373-92C1-BE4000AAE312}.Release|Any CPU.ActiveCfg = Release|Any CPU
		{30FCFA77-4958-4373-92C1-BE4000AAE312}.Release|Any CPU.Build.0 = Release|Any CPU
		{DC6E7C13-FE06-4EE1-9C32-8FA382778DD1}.Debug|Any CPU.ActiveCfg = Debug|Any CPU
		{DC6E7C13-FE06-4EE1-9C32-8FA382778DD1}.Debug|Any CPU.Build.0 = Debug|Any CPU
		{DC6E7C13-FE06-4EE1-9C32-8FA382778DD1}.Release|Any CPU.ActiveCfg = Release|Any CPU
		{DC6E7C13-FE06-4EE1-9C32-8FA382778DD1}.Release|Any CPU.Build.0 = Release|Any CPU
	EndGlobalSection
	GlobalSection(SolutionProperties) = preSolution
		HideSolutionNode = FALSE
	EndGlobalSection
	GlobalSection(ExtensibilityGlobals) = postSolution
		SolutionGuid = {F6E47BA8-5CC4-465E-BCE4-8988A020C191}
	EndGlobalSection
EndGlobal
